
Microsoft Visual Studio Solution File, Format Version 12.00
# Visual Studio Version 17
VisualStudioVersion = 17.5.33530.505
MinimumVisualStudioVersion = 10.0.40219.1
Project("{FAE04EC0-301F-11D3-BF4B-00C04F79EFBC}") = "ToDo", "ToDo\ToDo.csproj", "{FD84AE72-DA28-45EC-89C6-ED9184844004}"
EndProject
Global
	GlobalSection(SolutionConfigurationPlatforms) = preSolution
		Debug|Any CPU = Debug|Any CPU
		Release|Any CPU = Release|Any CPU
	EndGlobalSection
	GlobalSection(ProjectConfigurationPlatforms) = postSolution
		{FD84AE72-DA28-45EC-89C6-ED9184844004}.Debug|Any CPU.ActiveCfg = Debug|Any CPU
		{FD84AE72-DA28-45EC-89C6-ED9184844004}.Debug|Any CPU.Build.0 = Debug|Any CPU
		{FD84AE72-DA28-45EC-89C6-ED9184844004}.Release|Any CPU.ActiveCfg = Release|Any CPU
		{FD84AE72-DA28-45EC-89C6-ED9184844004}.Release|Any CPU.Build.0 = Release|Any CPU
	EndGlobalSection
	GlobalSection(SolutionProperties) = preSolution
		HideSolutionNode = FALSE
	EndGlobalSection
	GlobalSection(ExtensibilityGlobals) = postSolution
		SolutionGuid = {C8341B2E-C571-46E4-9D08-343A6FCA87A0}
	EndGlobalSection
EndGlobal
